<?xml version="1.0" encoding="utf-8"?>
<Project ToolsVersion="16.0" xmlns="http://schemas.microsoft.com/developer/msbuild/2003">
  <ItemGroup>
    <ClCompile Include="E:\GitHub_WorkPlace\Vulkan-Forward-Plus-Renderer\src\main.cpp">
      <Filter>src</Filter>
    </ClCompile>
    <ClCompile Include="E:\GitHub_WorkPlace\Vulkan-Forward-Plus-Renderer\src\third_party.cpp">
      <Filter>src</Filter>
    </ClCompile>
    <ClCompile Include="E:\GitHub_WorkPlace\Vulkan-Forward-Plus-Renderer\src\util.cpp">
      <Filter>src</Filter>
    </ClCompile>
    <ClCompile Include="E:\GitHub_WorkPlace\Vulkan-Forward-Plus-Renderer\src\scene.cpp">
      <Filter>src</Filter>
    </ClCompile>
    <ClCompile Include="E:\GitHub_WorkPlace\Vulkan-Forward-Plus-Renderer\src\renderer\vulkan_util.cpp">
      <Filter>src\renderer</Filter>
    </ClCompile>
    <ClCompile Include="E:\GitHub_WorkPlace\Vulkan-Forward-Plus-Renderer\src\renderer\context.cpp">
      <Filter>src\renderer</Filter>
    </ClCompile>
    <ClCompile Include="E:\GitHub_WorkPlace\Vulkan-Forward-Plus-Renderer\src\renderer\model.cpp">
      <Filter>src\renderer</Filter>
    </ClCompile>
    <ClCompile Include="E:\GitHub_WorkPlace\Vulkan-Forward-Plus-Renderer\src\renderer\VulkanRenderer.cpp">
      <Filter>src\renderer</Filter>
    </ClCompile>
    <ClCompile Include="E:\GitHub_WorkPlace\Vulkan-Forward-Plus-Renderer\src\ShowBase.cpp">
      <Filter>src</Filter>
    </ClCompile>
  </ItemGroup>
  <ItemGroup>
    <ClInclude Include="E:\GitHub_WorkPlace\Vulkan-Forward-Plus-Renderer\src\util.h">
      <Filter>src</Filter>
    </ClInclude>
    <ClInclude Include="E:\GitHub_WorkPlace\Vulkan-Forward-Plus-Renderer\src\scene.h">
      <Filter>src</Filter>
    </ClInclude>
    <ClInclude Include="E:\GitHub_WorkPlace\Vulkan-Forward-Plus-Renderer\src\renderer\raii.h">
      <Filter>src\renderer</Filter>
    </ClInclude>
    <ClInclude Include="E:\GitHub_WorkPlace\Vulkan-Forward-Plus-Renderer\src\renderer\vulkan_util.h">
      <Filter>src\renderer</Filter>
    </ClInclude>
    <ClInclude Include="E:\GitHub_WorkPlace\Vulkan-Forward-Plus-Renderer\src\renderer\context.h">
      <Filter>src\renderer</Filter>
    </ClInclude>
    <ClInclude Include="E:\GitHub_WorkPlace\Vulkan-Forward-Plus-Renderer\src\renderer\model.h">
      <Filter>src\renderer</Filter>
    </ClInclude>
    <ClInclude Include="E:\GitHub_WorkPlace\Vulkan-Forward-Plus-Renderer\src\renderer\VulkanRenderer.h">
      <Filter>src\renderer</Filter>
    </ClInclude>
    <ClInclude Include="E:\GitHub_WorkPlace\Vulkan-Forward-Plus-Renderer\src\ShowBase.h">
      <Filter>src</Filter>
    </ClInclude>
  </ItemGroup>
  <ItemGroup>
    <CustomBuild Include="E:\GitHub_WorkPlace\Vulkan-Forward-Plus-Renderer\CMakeLists.txt" />
  </ItemGroup>
  <ItemGroup>
    <Filter Include="src">
      <UniqueIdentifier>{7E692B42-1A0F-3448-8B63-5490B63E86D2}</UniqueIdentifier>
    </Filter>
    <Filter Include="src\renderer">
      <UniqueIdentifier>{E1843FA0-D464-3396-B68F-64B91B7237AF}</UniqueIdentifier>
    </Filter>
  </ItemGroup>
</Project>
